# This file is automatically @generated by Poetry 1.4.0 and should not be changed by hand.

[[package]]
name = "avro"
version = "1.11.1"
description = "Avro is a serialization and RPC framework."
category = "main"
optional = false
python-versions = ">=3.6"
files = [
    {file = "avro-1.11.1.tar.gz", hash = "sha256:f123623ecc648d0e20ce14f8ed85162140c13cc4b108865d1b2529fbfa06c008"},
]

[package.extras]
snappy = ["python-snappy"]
zstandard = ["zstandard"]

[[package]]
name = "msgpack"
version = "1.0.4"
description = "MessagePack serializer"
category = "main"
optional = false
python-versions = "*"
files = [
    {file = "msgpack-1.0.4-cp310-cp310-macosx_10_9_universal2.whl", hash = "sha256:4ab251d229d10498e9a2f3b1e68ef64cb393394ec477e3370c457f9430ce9250"},
    {file = "msgpack-1.0.4-cp310-cp310-macosx_10_9_x86_64.whl", hash = "sha256:112b0f93202d7c0fef0b7810d465fde23c746a2d482e1e2de2aafd2ce1492c88"},
    {file = "msgpack-1.0.4-cp310-cp310-macosx_11_0_arm64.whl", hash = "sha256:002b5c72b6cd9b4bafd790f364b8480e859b4712e91f43014fe01e4f957b8467"},
    {file = "msgpack-1.0.4-cp310-cp310-manylinux_2_17_aarch64.manylinux2014_aarch64.whl", hash = "sha256:35bc0faa494b0f1d851fd29129b2575b2e26d41d177caacd4206d81502d4c6a6"},
    {file = "msgpack-1.0.4-cp310-cp310-manylinux_2_17_x86_64.manylinux2014_x86_64.whl", hash = "sha256:4733359808c56d5d7756628736061c432ded018e7a1dff2d35a02439043321aa"},
    {file = "msgpack-1.0.4-cp310-cp310-manylinux_2_5_i686.manylinux1_i686.manylinux_2_17_i686.manylinux2014_i686.whl", hash = "sha256:eb514ad14edf07a1dbe63761fd30f89ae79b42625731e1ccf5e1f1092950eaa6"},
    {file = "msgpack-1.0.4-cp310-cp310-musllinux_1_1_aarch64.whl", hash = "sha256:c23080fdeec4716aede32b4e0ef7e213c7b1093eede9ee010949f2a418ced6ba"},
    {file = "msgpack-1.0.4-cp310-cp310-musllinux_1_1_i686.whl", hash = "sha256:49565b0e3d7896d9ea71d9095df15b7f75a035c49be733051c34762ca95bbf7e"},
    {file = "msgpack-1.0.4-cp310-cp310-musllinux_1_1_x86_64.whl", hash = "sha256:aca0f1644d6b5a73eb3e74d4d64d5d8c6c3d577e753a04c9e9c87d07692c58db"},
    {file = "msgpack-1.0.4-cp310-cp310-win32.whl", hash = "sha256:0dfe3947db5fb9ce52aaea6ca28112a170db9eae75adf9339a1aec434dc954ef"},
    {file = "msgpack-1.0.4-cp310-cp310-win_amd64.whl", hash = "sha256:4dea20515f660aa6b7e964433b1808d098dcfcabbebeaaad240d11f909298075"},
    {file = "msgpack-1.0.4-cp36-cp36m-macosx_10_9_x86_64.whl", hash = "sha256:e83f80a7fec1a62cf4e6c9a660e39c7f878f603737a0cdac8c13131d11d97f52"},
    {file = "msgpack-1.0.4-cp36-cp36m-manylinux_2_17_aarch64.manylinux2014_aarch64.whl", hash = "sha256:3c11a48cf5e59026ad7cb0dc29e29a01b5a66a3e333dc11c04f7e991fc5510a9"},
    {file = "msgpack-1.0.4-cp36-cp36m-manylinux_2_17_x86_64.manylinux2014_x86_64.whl", hash = "sha256:1276e8f34e139aeff1c77a3cefb295598b504ac5314d32c8c3d54d24fadb94c9"},
    {file = "msgpack-1.0.4-cp36-cp36m-manylinux_2_5_i686.manylinux1_i686.manylinux_2_17_i686.manylinux2014_i686.whl", hash = "sha256:6c9566f2c39ccced0a38d37c26cc3570983b97833c365a6044edef3574a00c08"},
    {file = "msgpack-1.0.4-cp36-cp36m-musllinux_1_1_aarch64.whl", hash = "sha256:fcb8a47f43acc113e24e910399376f7277cf8508b27e5b88499f053de6b115a8"},
    {file = "msgpack-1.0.4-cp36-cp36m-musllinux_1_1_i686.whl", hash = "sha256:76ee788122de3a68a02ed6f3a16bbcd97bc7c2e39bd4d94be2f1821e7c4a64e6"},
    {file = "msgpack-1.0.4-cp36-cp36m-musllinux_1_1_x86_64.whl", hash = "sha256:0a68d3ac0104e2d3510de90a1091720157c319ceeb90d74f7b5295a6bee51bae"},
    {file = "msgpack-1.0.4-cp36-cp36m-win32.whl", hash = "sha256:85f279d88d8e833ec015650fd15ae5eddce0791e1e8a59165318f371158efec6"},
    {file = "msgpack-1.0.4-cp36-cp36m-win_amd64.whl", hash = "sha256:c1683841cd4fa45ac427c18854c3ec3cd9b681694caf5bff04edb9387602d661"},
    {file = "msgpack-1.0.4-cp37-cp37m-macosx_10_9_x86_64.whl", hash = "sha256:a75dfb03f8b06f4ab093dafe3ddcc2d633259e6c3f74bb1b01996f5d8aa5868c"},
    {file = "msgpack-1.0.4-cp37-cp37m-manylinux_2_17_aarch64.manylinux2014_aarch64.whl", hash = "sha256:9667bdfdf523c40d2511f0e98a6c9d3603be6b371ae9a238b7ef2dc4e7a427b0"},
    {file = "msgpack-1.0.4-cp37-cp37m-manylinux_2_17_x86_64.manylinux2014_x86_64.whl", hash = "sha256:11184bc7e56fd74c00ead4f9cc9a3091d62ecb96e97653add7a879a14b003227"},
    {file = "msgpack-1.0.4-cp37-cp37m-manylinux_2_5_i686.manylinux1_i686.manylinux_2_17_i686.manylinux2014_i686.whl", hash = "sha256:ac5bd7901487c4a1dd51a8c58f2632b15d838d07ceedaa5e4c080f7190925bff"},
    {file = "msgpack-1.0.4-cp37-cp37m-musllinux_1_1_aarch64.whl", hash = "sha256:1e91d641d2bfe91ba4c52039adc5bccf27c335356055825c7f88742c8bb900dd"},
    {file = "msgpack-1.0.4-cp37-cp37m-musllinux_1_1_i686.whl", hash = "sha256:2a2df1b55a78eb5f5b7d2a4bb221cd8363913830145fad05374a80bf0877cb1e"},
    {file = "msgpack-1.0.4-cp37-cp37m-musllinux_1_1_x86_64.whl", hash = "sha256:545e3cf0cf74f3e48b470f68ed19551ae6f9722814ea969305794645da091236"},
    {file = "msgpack-1.0.4-cp37-cp37m-win32.whl", hash = "sha256:2cc5ca2712ac0003bcb625c96368fd08a0f86bbc1a5578802512d87bc592fe44"},
    {file = "msgpack-1.0.4-cp37-cp37m-win_amd64.whl", hash = "sha256:eba96145051ccec0ec86611fe9cf693ce55f2a3ce89c06ed307de0e085730ec1"},
    {file = "msgpack-1.0.4-cp38-cp38-macosx_10_9_universal2.whl", hash = "sha256:7760f85956c415578c17edb39eed99f9181a48375b0d4a94076d84148cf67b2d"},
    {file = "msgpack-1.0.4-cp38-cp38-macosx_10_9_x86_64.whl", hash = "sha256:449e57cc1ff18d3b444eb554e44613cffcccb32805d16726a5494038c3b93dab"},
    {file = "msgpack-1.0.4-cp38-cp38-macosx_11_0_arm64.whl", hash = "sha256:d603de2b8d2ea3f3bcb2efe286849aa7a81531abc52d8454da12f46235092bcb"},
    {file = "msgpack-1.0.4-cp38-cp38-manylinux_2_17_aarch64.manylinux2014_aarch64.whl", hash = "sha256:48f5d88c99f64c456413d74a975bd605a9b0526293218a3b77220a2c15458ba9"},
    {file = "msgpack-1.0.4-cp38-cp38-manylinux_2_17_x86_64.manylinux2014_x86_64.whl", hash = "sha256:6916c78f33602ecf0509cc40379271ba0f9ab572b066bd4bdafd7434dee4bc6e"},
    {file = "msgpack-1.0.4-cp38-cp38-manylinux_2_5_i686.manylinux1_i686.manylinux_2_17_i686.manylinux2014_i686.whl", hash = "sha256:81fc7ba725464651190b196f3cd848e8553d4d510114a954681fd0b9c479d7e1"},
    {file = "msgpack-1.0.4-cp38-cp38-musllinux_1_1_aarch64.whl", hash = "sha256:d5b5b962221fa2c5d3a7f8133f9abffc114fe218eb4365e40f17732ade576c8e"},
    {file = "msgpack-1.0.4-cp38-cp38-musllinux_1_1_i686.whl", hash = "sha256:77ccd2af37f3db0ea59fb280fa2165bf1b096510ba9fe0cc2bf8fa92a22fdb43"},
    {file = "msgpack-1.0.4-cp38-cp38-musllinux_1_1_x86_64.whl", hash = "sha256:b17be2478b622939e39b816e0aa8242611cc8d3583d1cd8ec31b249f04623243"},
    {file = "msgpack-1.0.4-cp38-cp38-win32.whl", hash = "sha256:2bb8cdf50dd623392fa75525cce44a65a12a00c98e1e37bf0fb08ddce2ff60d2"},
    {file = "msgpack-1.0.4-cp38-cp38-win_amd64.whl", hash = "sha256:26b8feaca40a90cbe031b03d82b2898bf560027160d3eae1423f4a67654ec5d6"},
    {file = "msgpack-1.0.4-cp39-cp39-macosx_10_9_universal2.whl", hash = "sha256:462497af5fd4e0edbb1559c352ad84f6c577ffbbb708566a0abaaa84acd9f3ae"},
    {file = "msgpack-1.0.4-cp39-cp39-macosx_10_9_x86_64.whl", hash = "sha256:2999623886c5c02deefe156e8f869c3b0aaeba14bfc50aa2486a0415178fce55"},
    {file = "msgpack-1.0.4-cp39-cp39-macosx_11_0_arm64.whl", hash = "sha256:f0029245c51fd9473dc1aede1160b0a29f4a912e6b1dd353fa6d317085b219da"},
    {file = "msgpack-1.0.4-cp39-cp39-manylinux_2_17_aarch64.manylinux2014_aarch64.whl", hash = "sha256:ed6f7b854a823ea44cf94919ba3f727e230da29feb4a99711433f25800cf747f"},
    {file = "msgpack-1.0.4-cp39-cp39-manylinux_2_17_x86_64.manylinux2014_x86_64.whl", hash = "sha256:0df96d6eaf45ceca04b3f3b4b111b86b33785683d682c655063ef8057d61fd92"},
    {file = "msgpack-1.0.4-cp39-cp39-manylinux_2_5_i686.manylinux1_i686.manylinux_2_17_i686.manylinux2014_i686.whl", hash = "sha256:6a4192b1ab40f8dca3f2877b70e63799d95c62c068c84dc028b40a6cb03ccd0f"},
    {file = "msgpack-1.0.4-cp39-cp39-musllinux_1_1_aarch64.whl", hash = "sha256:0e3590f9fb9f7fbc36df366267870e77269c03172d086fa76bb4eba8b2b46624"},
    {file = "msgpack-1.0.4-cp39-cp39-musllinux_1_1_i686.whl", hash = "sha256:1576bd97527a93c44fa856770197dec00d223b0b9f36ef03f65bac60197cedf8"},
    {file = "msgpack-1.0.4-cp39-cp39-musllinux_1_1_x86_64.whl", hash = "sha256:63e29d6e8c9ca22b21846234913c3466b7e4ee6e422f205a2988083de3b08cae"},
    {file = "msgpack-1.0.4-cp39-cp39-win32.whl", hash = "sha256:fb62ea4b62bfcb0b380d5680f9a4b3f9a2d166d9394e9bbd9666c0ee09a3645c"},
    {file = "msgpack-1.0.4-cp39-cp39-win_amd64.whl", hash = "sha256:4d5834a2a48965a349da1c5a79760d94a1a0172fbb5ab6b5b33cbf8447e109ce"},
    {file = "msgpack-1.0.4.tar.gz", hash = "sha256:f5d869c18f030202eb412f08b28d2afeea553d6613aee89e200d7aca7ef01f5f"},
]

[[package]]
name = "protobuf"
version = "4.22.1"
description = ""
category = "main"
optional = false
python-versions = ">=3.7"
files = [
    {file = "protobuf-4.22.1-cp310-abi3-win32.whl", hash = "sha256:85aa9acc5a777adc0c21b449dafbc40d9a0b6413ff3a4f77ef9df194be7f975b"},
    {file = "protobuf-4.22.1-cp310-abi3-win_amd64.whl", hash = "sha256:8bc971d76c03f1dd49f18115b002254f2ddb2d4b143c583bb860b796bb0d399e"},
    {file = "protobuf-4.22.1-cp37-abi3-macosx_10_9_universal2.whl", hash = "sha256:5917412347e1da08ce2939eb5cd60650dfb1a9ab4606a415b9278a1041fb4d19"},
    {file = "protobuf-4.22.1-cp37-abi3-manylinux2014_aarch64.whl", hash = "sha256:9e12e2810e7d297dbce3c129ae5e912ffd94240b050d33f9ecf023f35563b14f"},
    {file = "protobuf-4.22.1-cp37-abi3-manylinux2014_x86_64.whl", hash = "sha256:953fc7904ef46900262a26374b28c2864610b60cdc8b272f864e22143f8373c4"},
    {file = "protobuf-4.22.1-cp37-cp37m-win32.whl", hash = "sha256:6e100f7bc787cd0a0ae58dbf0ab8bbf1ee7953f862b89148b6cf5436d5e9eaa1"},
    {file = "protobuf-4.22.1-cp37-cp37m-win_amd64.whl", hash = "sha256:87a6393fa634f294bf24d1cfe9fdd6bb605cbc247af81b9b10c4c0f12dfce4b3"},
    {file = "protobuf-4.22.1-cp38-cp38-win32.whl", hash = "sha256:e3fb58076bdb550e75db06ace2a8b3879d4c4f7ec9dd86e4254656118f4a78d7"},
    {file = "protobuf-4.22.1-cp38-cp38-win_amd64.whl", hash = "sha256:651113695bc2e5678b799ee5d906b5d3613f4ccfa61b12252cfceb6404558af0"},
    {file = "protobuf-4.22.1-cp39-cp39-win32.whl", hash = "sha256:67b7d19da0fda2733702c2299fd1ef6cb4b3d99f09263eacaf1aa151d9d05f02"},
    {file = "protobuf-4.22.1-cp39-cp39-win_amd64.whl", hash = "sha256:b8700792f88e59ccecfa246fa48f689d6eee6900eddd486cdae908ff706c482b"},
    {file = "protobuf-4.22.1-py3-none-any.whl", hash = "sha256:3e19dcf4adbf608924d3486ece469dd4f4f2cf7d2649900f0efcd1a84e8fd3ba"},
    {file = "protobuf-4.22.1.tar.gz", hash = "sha256:dce7a55d501c31ecf688adb2f6c3f763cf11bc0be815d1946a84d74772ab07a7"},
]

[[package]]
name = "pycapnp"
version = "1.3.0"
description = "A cython wrapping of the C++ Cap'n Proto library"
category = "main"
optional = false
python-versions = "*"
files = [
    {file = "pycapnp-1.3.0-cp310-cp310-macosx_11_0_arm64.whl", hash = "sha256:1410e38d1cd1d08fb36c781e8a91b2044306d18775524dfd6c8a3b83e665f47f"},
    {file = "pycapnp-1.3.0-cp310-cp310-macosx_11_0_x86_64.whl", hash = "sha256:debb37f96db664c140e557855ba433ea59fdf714cff358a50a619e007387692b"},
    {file = "pycapnp-1.3.0-cp310-cp310-manylinux_2_17_aarch64.manylinux2014_aarch64.whl", hash = "sha256:108582647317c0f3a52ab1c615333d48546cede475887ebf8a055d1d6f20f249"},
    {file = "pycapnp-1.3.0-cp310-cp310-manylinux_2_17_i686.manylinux2014_i686.whl", hash = "sha256:1451d131ae0715b840eda1d0c84ea3909b637ac28554a13e57c089aef09e4f36"},
    {file = "pycapnp-1.3.0-cp310-cp310-manylinux_2_17_x86_64.manylinux2014_x86_64.whl", hash = "sha256:4c09d0ea8bc6d6d101a1642f4d9366d929cacd3966bc510a7cd5b14df2fa2986"},
    {file = "pycapnp-1.3.0-cp310-cp310-win_amd64.whl", hash = "sha256:f26bb24bd28db2a6f99b7d17178112103dedef0ee275204f705e86936513c240"},
    {file = "pycapnp-1.3.0-cp311-cp311-macosx_10_9_universal2.whl", hash = "sha256:90c07b969d90d012d0d309ec4c44605ad2d8f91595dcdf8ccc1ee798bf723b77"},
    {file = "pycapnp-1.3.0-cp311-cp311-macosx_11_0_arm64.whl", hash = "sha256:70a9d155d0dc17d343f295ae2228fb0436af329eab941e3b6637d5f5a050616d"},
    {file = "pycapnp-1.3.0-cp311-cp311-manylinux_2_17_aarch64.manylinux2014_aarch64.whl", hash = "sha256:6cb575ab47069f990dc353d0c12f62013b08d0c00ba10c1aebffdc3150abd292"},
    {file = "pycapnp-1.3.0-cp311-cp311-manylinux_2_17_i686.manylinux2014_i686.whl", hash = "sha256:1ba3adae76801b1a4c7c0f96367bdd153286469c45223bf6b50057e5d077e5d2"},
    {file = "pycapnp-1.3.0-cp311-cp311-manylinux_2_17_x86_64.manylinux2014_x86_64.whl", hash = "sha256:bc939f85720451b1d4a05603b127c0ae241e67fcc43121685b906aa3da08d624"},
    {file = "pycapnp-1.3.0-cp311-cp311-win_amd64.whl", hash = "sha256:9d6af7aba49eda201243b0fbcb410b3a8a789a2f7b86adafbde7e95234a07e85"},
    {file = "pycapnp-1.3.0-cp37-cp37m-macosx_10_15_x86_64.whl", hash = "sha256:32e56829e05fc54e14a8b40076d0a0958acef835379c6e39c26648cb754b9011"},
    {file = "pycapnp-1.3.0-cp37-cp37m-macosx_11_0_arm64.whl", hash = "sha256:f9d29bf65a5fb6cca1d0ed56cd2b0e6b1f63d47af72dfced80bbf6a8315aa2ae"},
    {file = "pycapnp-1.3.0-cp37-cp37m-manylinux_2_17_aarch64.manylinux2014_aarch64.whl", hash = "sha256:8389da70ff8c4008a0aabcdbf04e272aebb0c71476bc29cb7fbefb9ae579c947"},
    {file = "pycapnp-1.3.0-cp37-cp37m-manylinux_2_17_i686.manylinux2014_i686.whl", hash = "sha256:432b9d49bde68eca83b10f04791c65dc9a2070afcbd406703c4f4a073f02061c"},
    {file = "pycapnp-1.3.0-cp37-cp37m-manylinux_2_17_x86_64.manylinux2014_x86_64.whl", hash = "sha256:cda76deffa45e567354234d2c21e084251dc270ba226e8d9863406c54e9cb87f"},
    {file = "pycapnp-1.3.0-cp37-cp37m-win_amd64.whl", hash = "sha256:e351748b9a1bc3e6379183a24e1e68ecf4f76943872f63c8d42f206523b78cbb"},
    {file = "pycapnp-1.3.0-cp38-cp38-macosx_10_15_x86_64.whl", hash = "sha256:ff4a67282af21fb6a16b99f7d2397c4c6462b3a59b9b751e6860ccfb5c838398"},
    {file = "pycapnp-1.3.0-cp38-cp38-macosx_11_0_arm64.whl", hash = "sha256:f6f011ce96049cff07502e76d91e2a037234aa89bd4fc299c95e403797a73dae"},
    {file = "pycapnp-1.3.0-cp38-cp38-manylinux_2_17_aarch64.manylinux2014_aarch64.whl", hash = "sha256:b02fd11a155aca4e1b507bc7bd91963ec9a7695d5235837229d105d920385514"},
    {file = "pycapnp-1.3.0-cp38-cp38-manylinux_2_17_i686.manylinux2014_i686.whl", hash = "sha256:c0bfdbae7344835c287be2ca9f3e9fdf8f208941933fb77f6252a937917347de"},
    {file = "pycapnp-1.3.0-cp38-cp38-manylinux_2_17_x86_64.manylinux2014_x86_64.whl", hash = "sha256:fa7d2e0c22fb4f1c7bf44630170ba06df4e1fb47f0977df1d5fe425dc74ce354"},
    {file = "pycapnp-1.3.0-cp38-cp38-win_amd64.whl", hash = "sha256:b82d5c2ed388157b01ae7fbf754fd677d069150336ee74d6f286936af8ce0f18"},
    {file = "pycapnp-1.3.0-cp39-cp39-macosx_11_0_arm64.whl", hash = "sha256:02acfc8d94ed0c2e1b68cde6c845149b5c89eb4c5a71c7fe4978a70370cb17b5"},
    {file = "pycapnp-1.3.0-cp39-cp39-macosx_11_0_x86_64.whl", hash = "sha256:9333029a4c4f71942666ee1eb051740c38c27b034eca4c73d09f26217e2b2dc4"},
    {file = "pycapnp-1.3.0-cp39-cp39-manylinux_2_17_aarch64.manylinux2014_aarch64.whl", hash = "sha256:886c09a5802b3ec232a8cd64f44c092bbf3daa1c0ff66942f1f6b9943a71a909"},
    {file = "pycapnp-1.3.0-cp39-cp39-manylinux_2_17_i686.manylinux2014_i686.whl", hash = "sha256:77c95991b4fc30fd336e3cbed4ffd3fb23aa647427bc96cafd0f77ec5b046766"},
    {file = "pycapnp-1.3.0-cp39-cp39-manylinux_2_17_x86_64.manylinux2014_x86_64.whl", hash = "sha256:223f600854f46009715231237a02c18a6e5b28492c0976d6602c0d73021c9d3a"},
    {file = "pycapnp-1.3.0-cp39-cp39-win_amd64.whl", hash = "sha256:45e52d201d4d2ae9ee3290cae8f62c1af982ca2d7a7eaa0b58f53ada9a07c877"},
    {file = "pycapnp-1.3.0.tar.gz", hash = "sha256:7cf514c3068064e593d0401503f7a623c24c55776702a7a2d9cad9854710aa56"},
]

[[package]]
name = "six"
version = "1.16.0"
description = "Python 2 and 3 compatibility utilities"
category = "main"
optional = false
python-versions = ">=2.7, !=3.0.*, !=3.1.*, !=3.2.*"
files = [
    {file = "six-1.16.0-py2.py3-none-any.whl", hash = "sha256:8abb2f1d86890a2dfb989f9a77cfcfd3e47c2a354b01111771326f8aa26e0254"},
    {file = "six-1.16.0.tar.gz", hash = "sha256:1e61c37477a1626458e36f7b1d82aa5c9b094fa4802892072e49de9c60c4c926"},
]

[[package]]
name = "thrift"
version = "0.16.0"
description = "Python bindings for the Apache Thrift RPC system"
category = "main"
optional = false
python-versions = "*"
files = [
    {file = "thrift-0.16.0.tar.gz", hash = "sha256:2b5b6488fcded21f9d312aa23c9ff6a0195d0f6ae26ddbd5ad9e3e25dfc14408"},
]

[package.dependencies]
six = ">=1.7.2"

[package.extras]
all = ["tornado (>=4.0)", "twisted"]
tornado = ["tornado (>=4.0)"]
twisted = ["twisted"]

[metadata]
lock-version = "2.0"
python-versions = "^3.11"
content-hash = "9ce91aa4cba2b6fb26df635004702bf19205639f015466c63124afde6c77915c"
